
Microsoft Visual Studio Solution File, Format Version 12.00
# Visual Studio Version 16
VisualStudioVersion = 16.0.31501.217
MinimumVisualStudioVersion = 10.0.40219.1
Project("{FAE04EC0-301F-11D3-BF4B-00C04F79EFBC}") = "Park_API_01", "Park_API_01\Park_API_01.csproj", "{66AC261A-F4ED-4C07-BE01-4815CECD8ABD}"
EndProject
Global
	GlobalSection(SolutionConfigurationPlatforms) = preSolution
		Debug|Any CPU = Debug|Any CPU
		Release|Any CPU = Release|Any CPU
	EndGlobalSection
	GlobalSection(ProjectConfigurationPlatforms) = postSolution
		{66AC261A-F4ED-4C07-BE01-4815CECD8ABD}.Debug|Any CPU.ActiveCfg = Debug|Any CPU
		{66AC261A-F4ED-4C07-BE01-4815CECD8ABD}.Debug|Any CPU.Build.0 = Debug|Any CPU
		{66AC261A-F4ED-4C07-BE01-4815CECD8ABD}.Release|Any CPU.ActiveCfg = Release|Any CPU
		{66AC261A-F4ED-4C07-BE01-4815CECD8ABD}.Release|Any CPU.Build.0 = Release|Any CPU
	EndGlobalSection
	GlobalSection(SolutionProperties) = preSolution
		HideSolutionNode = FALSE
	EndGlobalSection
	GlobalSection(ExtensibilityGlobals) = postSolution
		SolutionGuid = {A7FA8969-CB30-4DF1-809A-14A2EBB96616}
	EndGlobalSection
EndGlobal
